
Microsoft Visual Studio Solution File, Format Version 12.00
# Visual Studio 15
VisualStudioVersion = 15.0.27703.2042
MinimumVisualStudioVersion = 10.0.40219.1
Project("{FAE04EC0-301F-11D3-BF4B-00C04F79EFBC}") = "GreekTextReader", "GreekTextReader\GreekTextReader.csproj", "{F6994FCC-75E1-4A7F-8FFD-2AB9A77A221A}"
EndProject
Global
	GlobalSection(SolutionConfigurationPlatforms) = preSolution
		Debug|Any CPU = Debug|Any CPU
		Release|Any CPU = Release|Any CPU
	EndGlobalSection
	GlobalSection(ProjectConfigurationPlatforms) = postSolution
		{F6994FCC-75E1-4A7F-8FFD-2AB9A77A221A}.Debug|Any CPU.ActiveCfg = Debug|Any CPU
		{F6994FCC-75E1-4A7F-8FFD-2AB9A77A221A}.Debug|Any CPU.Build.0 = Debug|Any CPU
		{F6994FCC-75E1-4A7F-8FFD-2AB9A77A221A}.Release|Any CPU.ActiveCfg = Release|Any CPU
		{F6994FCC-75E1-4A7F-8FFD-2AB9A77A221A}.Release|Any CPU.Build.0 = Release|Any CPU
	EndGlobalSection
	GlobalSection(SolutionProperties) = preSolution
		HideSolutionNode = FALSE
	EndGlobalSection
	GlobalSection(ExtensibilityGlobals) = postSolution
		SolutionGuid = {E013F48B-0F62-4EDC-B089-5BA9A5B86DE8}
	EndGlobalSection
EndGlobal
